
Microsoft Visual Studio Solution File, Format Version 12.00
# Visual Studio Version 17
VisualStudioVersion = 17.7.34221.43
MinimumVisualStudioVersion = 10.0.40219.1
Project("{FAE04EC0-301F-11D3-BF4B-00C04F79EFBC}") = "MyPartsParser", "MyPartsParser\MyPartsParser.csproj", "{7E0093A1-B5BB-4E1B-BA01-8C2E273F5DCF}"
EndProject
Global
	GlobalSection(SolutionConfigurationPlatforms) = preSolution
		Debug|Any CPU = Debug|Any CPU
		Release|Any CPU = Release|Any CPU
	EndGlobalSection
	GlobalSection(ProjectConfigurationPlatforms) = postSolution
		{7E0093A1-B5BB-4E1B-BA01-8C2E273F5DCF}.Debug|Any CPU.ActiveCfg = Debug|Any CPU
		{7E0093A1-B5BB-4E1B-BA01-8C2E273F5DCF}.Debug|Any CPU.Build.0 = Debug|Any CPU
		{7E0093A1-B5BB-4E1B-BA01-8C2E273F5DCF}.Release|Any CPU.ActiveCfg = Release|Any CPU
		{7E0093A1-B5BB-4E1B-BA01-8C2E273F5DCF}.Release|Any CPU.Build.0 = Release|Any CPU
	EndGlobalSection
	GlobalSection(SolutionProperties) = preSolution
		HideSolutionNode = FALSE
	EndGlobalSection
	GlobalSection(ExtensibilityGlobals) = postSolution
		SolutionGuid = {D7983702-3144-4F5E-A389-B36FEE101927}
	EndGlobalSection
EndGlobal
